
Microsoft Visual Studio Solution File, Format Version 12.00
# Visual Studio Version 17
VisualStudioVersion = 17.9.34622.214
MinimumVisualStudioVersion = 10.0.40219.1
Project("{FAE04EC0-301F-11D3-BF4B-00C04F79EFBC}") = "ISSTTP", "ISSTTP\ISSTTP.csproj", "{26D123A8-AFBC-491C-9252-97C6853B9AB2}"
EndProject
Global
	GlobalSection(SolutionConfigurationPlatforms) = preSolution
		Debug|Any CPU = Debug|Any CPU
		Release|Any CPU = Release|Any CPU
	EndGlobalSection
	GlobalSection(ProjectConfigurationPlatforms) = postSolution
		{26D123A8-AFBC-491C-9252-97C6853B9AB2}.Debug|Any CPU.ActiveCfg = Debug|Any CPU
		{26D123A8-AFBC-491C-9252-97C6853B9AB2}.Debug|Any CPU.Build.0 = Debug|Any CPU
		{26D123A8-AFBC-491C-9252-97C6853B9AB2}.Release|Any CPU.ActiveCfg = Release|Any CPU
		{26D123A8-AFBC-491C-9252-97C6853B9AB2}.Release|Any CPU.Build.0 = Release|Any CPU
	EndGlobalSection
	GlobalSection(SolutionProperties) = preSolution
		HideSolutionNode = FALSE
	EndGlobalSection
	GlobalSection(ExtensibilityGlobals) = postSolution
		SolutionGuid = {90935EC5-C75B-4838-9014-9A1EF6B54A71}
	EndGlobalSection
EndGlobal
